<?xml version="1.0" encoding="utf-8"?>
<Project ToolsVersion="4.0" xmlns="http://schemas.microsoft.com/developer/msbuild/2003">
  <ItemGroup>
    <Filter Include="Source Files">
      <UniqueIdentifier>{4FC737F1-C7A5-4376-A066-2A32D752A2FF}</UniqueIdentifier>
      <Extensions>cpp;c;cc;cxx;def;odl;idl;hpj;bat;asm;asmx</Extensions>
    </Filter>
    <Filter Include="Header Files">
      <UniqueIdentifier>{93995380-89BD-4b04-88EB-625FBE52EBFB}</UniqueIdentifier>
      <Extensions>h;hh;hpp;hxx;hm;inl;inc;xsd</Extensions>
    </Filter>
    <Filter Include="Resource Files">
      <UniqueIdentifier>{67DA6AB6-F800-4c08-8B7A-83BB121AAD01}</UniqueIdentifier>
      <Extensions>rc;ico;cur;bmp;dlg;rc2;rct;bin;rgs;gif;jpg;jpeg;jpe;resx;tiff;tif;png;wav;mfcribbon-ms</Extensions>
    </Filter>
    <Filter Include="Resource Files\Scripts">
      <UniqueIdentifier>{cf939df7-a290-42df-8ceb-605f925f124d}</UniqueIdentifier>
    </Filter>
    <Filter Include="Resource Files\Scripts\Demo1">
      <UniqueIdentifier>{159cbef4-5c38-4562-9ca4-f9d5a71af9f8}</UniqueIdentifier>
    </Filter>
    <Filter Include="Resource Files\Scripts\Demo2">
      <UniqueIdentifier>{653e103b-841d-42dc-93ab-eb38c22f472a}</UniqueIdentifier>
    </Filter>
    <Filter Include="Resource Files\Scripts\Demo3">
      <UniqueIdentifier>{e07ccecc-9c96-4292-80fa-6e1d4f0191d4}</UniqueIdentifier>
    </Filter>
  </ItemGroup>
  <ItemGroup>
    <Text Include="ReadMe.txt" />
  </ItemGroup>
  <ItemGroup>
    <ClInclude Include="include\CtoLUABinder.h">
      <Filter>Header Files</Filter>
    </ClInclude>
    <ClInclude Include="include\Engine.h">
      <Filter>Header Files</Filter>
    </ClInclude>
    <ClInclude Include="include\GameObject.h">
      <Filter>Header Files</Filter>
    </ClInclude>
    <ClInclude Include="include\GameObjectFactory.h">
      <Filter>Header Files</Filter>
    </ClInclude>
    <ClInclude Include="include\GameObjectHandler.h">
      <Filter>Header Files</Filter>
    </ClInclude>
    <ClInclude Include="include\Identifiers.h">
      <Filter>Header Files</Filter>
    </ClInclude>
    <ClInclude Include="include\LUAScriptManager.h">
      <Filter>Header Files</Filter>
    </ClInclude>
    <ClInclude Include="include\Message.h">
      <Filter>Header Files</Filter>
    </ClInclude>
    <ClInclude Include="include\MessagingBus.h">
      <Filter>Header Files</Filter>
    </ClInclude>
    <ClInclude Include="include\NPC.h">
      <Filter>Header Files</Filter>
    </ClInclude>
    <ClInclude Include="include\ResourceList.h">
      <Filter>Header Files</Filter>
    </ClInclude>
    <ClInclude Include="include\Scene.h">
      <Filter>Header Files</Filter>
    </ClInclude>
    <ClInclude Include="include\SceneManager.h">
      <Filter>Header Files</Filter>
    </ClInclude>
    <ClInclude Include="include\Singleton.h">
      <Filter>Header Files</Filter>
    </ClInclude>
    <ClInclude Include="include\vec3.h">
      <Filter>Header Files</Filter>
    </ClInclude>
    <ClInclude Include="include\QuadTree.h">
      <Filter>Header Files</Filter>
    </ClInclude>
    <ClInclude Include="include\TGALoader.h">
      <Filter>Header Files</Filter>
    </ClInclude>
    <ClInclude Include="include\BMPLoader.h">
      <Filter>Header Files</Filter>
    </ClInclude>
    <ClInclude Include="include\RenderModuleStubb.h">
      <Filter>Header Files</Filter>
    </ClInclude>
    <ClInclude Include="include\TextureManager.h">
      <Filter>Header Files</Filter>
    </ClInclude>
    <ClInclude Include="include\ImageCreationHandler.h">
      <Filter>Header Files</Filter>
    </ClInclude>
    <ClInclude Include="include\ImageLoaderFactory.h">
      <Filter>Header Files</Filter>
    </ClInclude>
    <ClInclude Include="include\ImageLoader.h">
      <Filter>Header Files</Filter>
    </ClInclude>
    <ClInclude Include="include\AssetManager.h">
      <Filter>Header Files</Filter>
    </ClInclude>
    <ClInclude Include="include\AudioEngine.h">
      <Filter>Header Files</Filter>
    </ClInclude>
    <ClInclude Include="include\camera.h">
      <Filter>Header Files</Filter>
    </ClInclude>
    <ClInclude Include="include\MessageTypes.h">
      <Filter>Header Files</Filter>
    </ClInclude>
    <ClInclude Include="include\ModelManger.h">
      <Filter>Header Files</Filter>
    </ClInclude>
    <ClInclude Include="include\ModelFactory.h">
      <Filter>Header Files</Filter>
    </ClInclude>
    <ClInclude Include="include\RawTerrain.h">
      <Filter>Header Files</Filter>
    </ClInclude>
    <ClInclude Include="include\vec2.h">
      <Filter>Header Files</Filter>
    </ClInclude>
    <ClInclude Include="include\terrain.h">
      <Filter>Header Files</Filter>
    </ClInclude>
    <ClInclude Include="include\Model.h">
      <Filter>Header Files</Filter>
    </ClInclude>
    <ClInclude Include="include\CollisionEngine.h">
      <Filter>Header Files</Filter>
    </ClInclude>
    <ClInclude Include="include\ImportModel.h">
      <Filter>Header Files</Filter>
    </ClInclude>
    <ClInclude Include="include\mat4.h">
      <Filter>Header Files</Filter>
    </ClInclude>
    <ClInclude Include="include\vec4.h">
      <Filter>Header Files</Filter>
    </ClInclude>
    <ClInclude Include="include\Controls.h">
      <Filter>Header Files</Filter>
    </ClInclude>
    <ClInclude Include="include\SimpleString.h">
      <Filter>Header Files</Filter>
    </ClInclude>
    <ClInclude Include="include\StaticEntity.h">
      <Filter>Header Files</Filter>
    </ClInclude>
    <ClInclude Include="include\TerrainObject.h">
      <Filter>Header Files</Filter>
    </ClInclude>
    <ClInclude Include="include\MenuObject.h">
      <Filter>Header Files</Filter>
    </ClInclude>
    <ClInclude Include="include\TexturedSquare.h">
      <Filter>Header Files</Filter>
    </ClInclude>
  </ItemGroup>
  <ItemGroup>
    <ClCompile Include="src\CtoLUABinder.cpp">
      <Filter>Source Files</Filter>
    </ClCompile>
    <ClCompile Include="src\Engine.cpp">
      <Filter>Source Files</Filter>
    </ClCompile>
    <ClCompile Include="src\GameObject.cpp">
      <Filter>Source Files</Filter>
    </ClCompile>
    <ClCompile Include="src\GameObjectFactory.cpp">
      <Filter>Source Files</Filter>
    </ClCompile>
    <ClCompile Include="src\GameObjectHandler.cpp">
      <Filter>Source Files</Filter>
    </ClCompile>
    <ClCompile Include="src\Identifiers.cpp">
      <Filter>Source Files</Filter>
    </ClCompile>
    <ClCompile Include="src\LUAScriptManager.cpp">
      <Filter>Source Files</Filter>
    </ClCompile>
    <ClCompile Include="src\Message.cpp">
      <Filter>Source Files</Filter>
    </ClCompile>
    <ClCompile Include="src\MessagingBus.cpp">
      <Filter>Source Files</Filter>
    </ClCompile>
    <ClCompile Include="src\NPC.cpp">
      <Filter>Source Files</Filter>
    </ClCompile>
    <ClCompile Include="src\ResourceList.cpp">
      <Filter>Source Files</Filter>
    </ClCompile>
    <ClCompile Include="src\Scene.cpp">
      <Filter>Source Files</Filter>
    </ClCompile>
    <ClCompile Include="src\SceneManager.cpp">
      <Filter>Source Files</Filter>
    </ClCompile>
    <ClCompile Include="ICT397GameProject.cpp">
      <Filter>Source Files</Filter>
    </ClCompile>
    <ClCompile Include="src\ImageCreationHandler.cpp">
      <Filter>Source Files</Filter>
    </ClCompile>
    <ClCompile Include="src\TGALoader.cpp">
      <Filter>Source Files</Filter>
    </ClCompile>
    <ClCompile Include="src\BMPLoader.cpp">
      <Filter>Source Files</Filter>
    </ClCompile>
    <ClCompile Include="src\RenderModuleStubb.cpp">
      <Filter>Source Files</Filter>
    </ClCompile>
    <ClCompile Include="src\TextureManager.cpp">
      <Filter>Source Files</Filter>
    </ClCompile>
    <ClCompile Include="src\ImageLoaderFactory.cpp">
      <Filter>Source Files</Filter>
    </ClCompile>
    <ClCompile Include="src\AssetManager.cpp">
      <Filter>Source Files</Filter>
    </ClCompile>
    <ClCompile Include="src\AudioEngine.cpp">
      <Filter>Source Files</Filter>
    </ClCompile>
    <ClCompile Include="src\camera.cpp">
      <Filter>Source Files</Filter>
    </ClCompile>
    <ClCompile Include="src\ModelManger.cpp">
      <Filter>Source Files</Filter>
    </ClCompile>
    <ClCompile Include="src\ModelFactory.cpp">
      <Filter>Source Files</Filter>
    </ClCompile>
    <ClCompile Include="src\Terrain.cpp">
      <Filter>Source Files</Filter>
    </ClCompile>
    <ClCompile Include="src\CollisionEngine.cpp">
      <Filter>Source Files</Filter>
    </ClCompile>
    <ClCompile Include="src\RawTerrain.cpp">
      <Filter>Source Files</Filter>
    </ClCompile>
    <ClCompile Include="src\ImportModel.cpp">
      <Filter>Source Files</Filter>
    </ClCompile>
    <ClCompile Include="src\vec2.cpp">
      <Filter>Source Files</Filter>
    </ClCompile>
    <ClCompile Include="src\vec3.cpp">
      <Filter>Source Files</Filter>
    </ClCompile>
    <ClCompile Include="src\mat4.cpp">
      <Filter>Source Files</Filter>
    </ClCompile>
    <ClCompile Include="src\vec4.cpp">
      <Filter>Source Files</Filter>
    </ClCompile>
    <ClCompile Include="src\Controls.cpp">
      <Filter>Source Files</Filter>
    </ClCompile>
    <ClCompile Include="src\SimpleString.cpp">
      <Filter>Source Files</Filter>
    </ClCompile>
    <ClCompile Include="src\StaticEntity.cpp">
      <Filter>Source Files</Filter>
    </ClCompile>
    <ClCompile Include="src\TerrainObject.cpp">
      <Filter>Source Files</Filter>
    </ClCompile>
    <ClCompile Include="src\MenuObject.cpp">
      <Filter>Source Files</Filter>
    </ClCompile>
    <ClCompile Include="src\TexturedSquare.cpp">
      <Filter>Source Files</Filter>
    </ClCompile>
  </ItemGroup>
  <ItemGroup>
    <None Include="Resources\Scripts\Demo1\startup.lua">
      <Filter>Resource Files\Scripts\Demo1</Filter>
    </None>
    <None Include="Resources\Scripts\Demo1\npc.lua">
      <Filter>Resource Files\Scripts\Demo1</Filter>
    </None>
    <None Include="Resources\Scripts\Demo1\npc2.lua">
      <Filter>Resource Files\Scripts\Demo1</Filter>
    </None>
    <None Include="Resources\Scripts\Demo2\npc.lua">
      <Filter>Resource Files\Scripts\Demo2</Filter>
    </None>
    <None Include="Resources\Scripts\Demo2\startup.lua">
      <Filter>Resource Files\Scripts\Demo2</Filter>
    </None>
    <None Include="Resources\Scripts\Demo3\npc.lua">
      <Filter>Resource Files\Scripts\Demo3</Filter>
    </None>
    <None Include="Resources\Scripts\Demo3\startup.lua">
      <Filter>Resource Files\Scripts\Demo3</Filter>
    </None>
    <None Include="Resources\Scripts\Demo3\controls.lua">
      <Filter>Resource Files\Scripts\Demo3</Filter>
    </None>
  </ItemGroup>
</Project>